
Microsoft Visual Studio Solution File, Format Version 12.00
# Visual Studio Version 17
VisualStudioVersion = 17.1.32319.34
MinimumVisualStudioVersion = 10.0.40219.1
Project("{FAE04EC0-301F-11D3-BF4B-00C04F79EFBC}") = "ConsoleApp_static_method_array_sum", "ConsoleApp_static_method_array_sum\ConsoleApp_static_method_array_sum.csproj", "{B76FF392-6581-46CF-B66F-62FA8CEA258E}"
EndProject
Global
	GlobalSection(SolutionConfigurationPlatforms) = preSolution
		Debug|Any CPU = Debug|Any CPU
		Release|Any CPU = Release|Any CPU
	EndGlobalSection
	GlobalSection(ProjectConfigurationPlatforms) = postSolution
		{B76FF392-6581-46CF-B66F-62FA8CEA258E}.Debug|Any CPU.ActiveCfg = Debug|Any CPU
		{B76FF392-6581-46CF-B66F-62FA8CEA258E}.Debug|Any CPU.Build.0 = Debug|Any CPU
		{B76FF392-6581-46CF-B66F-62FA8CEA258E}.Release|Any CPU.ActiveCfg = Release|Any CPU
		{B76FF392-6581-46CF-B66F-62FA8CEA258E}.Release|Any CPU.Build.0 = Release|Any CPU
	EndGlobalSection
	GlobalSection(SolutionProperties) = preSolution
		HideSolutionNode = FALSE
	EndGlobalSection
	GlobalSection(ExtensibilityGlobals) = postSolution
		SolutionGuid = {09B2E485-F4BC-4D0F-8EB2-11C19F6C9207}
	EndGlobalSection
EndGlobal
